<Solution>
  <Project Path="CriMw.CriWare.Editor.csproj" />
  <Project Path="UniRx.csproj" />
  <Project Path="Assembly-CSharp.csproj" />
  <Project Path="CriMw.CriWare.Runtime.csproj" />
  <Project Path="UniRx.Examples.csproj" />
  <Project Path="DOTween.Modules.csproj" />
  <Project Path="Assembly-CSharp-Editor.csproj" />
</Solution>
